# THIS IS AN AUTOGENERATED FILE. DO NOT EDIT THIS FILE DIRECTLY.
# yarn lockfile v1


react-kakao-login@^1.2.0:
  version "1.2.0"
  resolved "https://registry.yarnpkg.com/react-kakao-login/-/react-kakao-login-1.2.0.tgz#3c54f432ac9ea4214f817e00f678bae63a463f22"
  integrity sha512-InisI33rdggQMWehc4UYxkCnb9l9EWQ0sHOa8tJAZ8ep19FOlrfhw/iZMRnoNPl5qHHnH8oRDi+9TQxBYYccQA==
